// !$*UTF8*$!
{
	archiveVersion = 1;
	classes = {
	};
	objectVersion = 48;
	objects = {

/* Begin PBXBuildFile section */
		10A3CF6B25DA9ADD9A787F7A /* libPods-YouTubeDemoApp.a in Frameworks */ = {isa = PBXBuildFile; fileRef = 8240B83CB3EAC471AB5203E7 /* libPods-YouTubeDemoApp.a */; };
		EF9158581F8BF33B0034CA22 /* AppDelegate.swift in Sources */ = {isa = PBXBuildFile; fileRef = EF9158571F8BF33B0034CA22 /* AppDelegate.swift */; };
		EF91585A1F8BF33B0034CA22 /* VideoCollectionViewController.swift in Sources */ = {isa = PBXBuildFile; fileRef = EF9158591F8BF33B0034CA22 /* VideoCollectionViewController.swift */; };
		EF91585D1F8BF33B0034CA22 /* Main.storyboard in Resources */ = {isa = PBXBuildFile; fileRef = EF91585B1F8BF33B0034CA22 /* Main.storyboard */; };
		EF91585F1F8BF33B0034CA22 /* Assets.xcassets in Resources */ = {isa = PBXBuildFile; fileRef = EF91585E1F8BF33B0034CA22 /* Assets.xcassets */; };
		EF9158621F8BF33B0034CA22 /* LaunchScreen.storyboard in Resources */ = {isa = PBXBuildFile; fileRef = EF9158601F8BF33B0034CA22 /* LaunchScreen.storyboard */; };
		EF91586A1F8BFDB90034CA22 /* VideoCollectionViewCell.swift in Sources */ = {isa = PBXBuildFile; fileRef = EF9158691F8BFDB90034CA22 /* VideoCollectionViewCell.swift */; };
		EF9158721F8C00740034CA22 /* Client.swift in Sources */ = {isa = PBXBuildFile; fileRef = EF9158711F8C00740034CA22 /* Client.swift */; };
		EF9158741F8C00A50034CA22 /* Constants.swift in Sources */ = {isa = PBXBuildFile; fileRef = EF9158731F8C00A50034CA22 /* Constants.swift */; };
		EF9158761F8C00C90034CA22 /* Convenience.swift in Sources */ = {isa = PBXBuildFile; fileRef = EF9158751F8C00C90034CA22 /* Convenience.swift */; };
		EF9158781F8C00F50034CA22 /* Video.swift in Sources */ = {isa = PBXBuildFile; fileRef = EF9158771F8C00F50034CA22 /* Video.swift */; };
		EF91587C1F8C21760034CA22 /* SearchViewController.swift in Sources */ = {isa = PBXBuildFile; fileRef = EF91587B1F8C21760034CA22 /* SearchViewController.swift */; };
		EF9158811F8C26A20034CA22 /* LoginViewController.swift in Sources */ = {isa = PBXBuildFile; fileRef = EF9158801F8C26A20034CA22 /* LoginViewController.swift */; };
		EF9158831F8C2A5E0034CA22 /* Podfile in Resources */ = {isa = PBXBuildFile; fileRef = EF9158821F8C2A5E0034CA22 /* Podfile */; };
		EF9789471F8CE97C0001555D /* PlayVideoViewController.swift in Sources */ = {isa = PBXBuildFile; fileRef = EF9789461F8CE97C0001555D /* PlayVideoViewController.swift */; };
		EF97894B1F8CF5370001555D /* MediaPlayer.framework in Frameworks */ = {isa = PBXBuildFile; fileRef = EF97894A1F8CF5370001555D /* MediaPlayer.framework */; };
		EFC70E3F1F8C6085007A567F /* GenericViewController.swift in Sources */ = {isa = PBXBuildFile; fileRef = EFC70E3E1F8C6085007A567F /* GenericViewController.swift */; };
		EFC70E411F8C65EA007A567F /* VideosTabBarController.swift in Sources */ = {isa = PBXBuildFile; fileRef = EFC70E401F8C65EA007A567F /* VideosTabBarController.swift */; };
		EFC70E431F8C7023007A567F /* GCDBlackBox.swift in Sources */ = {isa = PBXBuildFile; fileRef = EFC70E421F8C7023007A567F /* GCDBlackBox.swift */; };
/* End PBXBuildFile section */

/* Begin PBXFileReference section */
		3D17DEE303C30F5F18EF5F1A /* Pods-YouTubeDemoApp.release.xcconfig */ = {isa = PBXFileReference; includeInIndex = 1; lastKnownFileType = text.xcconfig; name = "Pods-YouTubeDemoApp.release.xcconfig"; path = "Pods/Target Support Files/Pods-YouTubeDemoApp/Pods-YouTubeDemoApp.release.xcconfig"; sourceTree = "<group>"; };
		51A1FCD8BF96B0EC7FA1A05D /* Pods-YouTubeDemoApp.debug.xcconfig */ = {isa = PBXFileReference; includeInIndex = 1; lastKnownFileType = text.xcconfig; name = "Pods-YouTubeDemoApp.debug.xcconfig"; path = "Pods/Target Support Files/Pods-YouTubeDemoApp/Pods-YouTubeDemoApp.debug.xcconfig"; sourceTree = "<group>"; };
		8240B83CB3EAC471AB5203E7 /* libPods-YouTubeDemoApp.a */ = {isa = PBXFileReference; explicitFileType = archive.ar; includeInIndex = 0; path = "libPods-YouTubeDemoApp.a"; sourceTree = BUILT_PRODUCTS_DIR; };
		EF9158541F8BF33B0034CA22 /* YouTubeDemoApp.app */ = {isa = PBXFileReference; explicitFileType = wrapper.application; includeInIndex = 0; path = YouTubeDemoApp.app; sourceTree = BUILT_PRODUCTS_DIR; };
		EF9158571F8BF33B0034CA22 /* AppDelegate.swift */ = {isa = PBXFileReference; lastKnownFileType = sourcecode.swift; path = AppDelegate.swift; sourceTree = "<group>"; };
		EF9158591F8BF33B0034CA22 /* VideoCollectionViewController.swift */ = {isa = PBXFileReference; lastKnownFileType = sourcecode.swift; path = VideoCollectionViewController.swift; sourceTree = "<group>"; };
		EF91585C1F8BF33B0034CA22 /* Base */ = {isa = PBXFileReference; lastKnownFileType = file.storyboard; name = Base; path = Base.lproj/Main.storyboard; sourceTree = "<group>"; };
		EF91585E1F8BF33B0034CA22 /* Assets.xcassets */ = {isa = PBXFileReference; lastKnownFileType = folder.assetcatalog; path = Assets.xcassets; sourceTree = "<group>"; };
		EF9158611F8BF33B0034CA22 /* Base */ = {isa = PBXFileReference; lastKnownFileType = file.storyboard; name = Base; path = Base.lproj/LaunchScreen.storyboard; sourceTree = "<group>"; };
		EF9158631F8BF33B0034CA22 /* Info.plist */ = {isa = PBXFileReference; lastKnownFileType = text.plist.xml; path = Info.plist; sourceTree = "<group>"; };
		EF9158691F8BFDB90034CA22 /* VideoCollectionViewCell.swift */ = {isa = PBXFileReference; lastKnownFileType = sourcecode.swift; path = VideoCollectionViewCell.swift; sourceTree = "<group>"; };
		EF9158711F8C00740034CA22 /* Client.swift */ = {isa = PBXFileReference; lastKnownFileType = sourcecode.swift; path = Client.swift; sourceTree = "<group>"; };
		EF9158731F8C00A50034CA22 /* Constants.swift */ = {isa = PBXFileReference; lastKnownFileType = sourcecode.swift; path = Constants.swift; sourceTree = "<group>"; };
		EF9158751F8C00C90034CA22 /* Convenience.swift */ = {isa = PBXFileReference; lastKnownFileType = sourcecode.swift; path = Convenience.swift; sourceTree = "<group>"; };
		EF9158771F8C00F50034CA22 /* Video.swift */ = {isa = PBXFileReference; lastKnownFileType = sourcecode.swift; path = Video.swift; sourceTree = "<group>"; };
		EF91587B1F8C21760034CA22 /* SearchViewController.swift */ = {isa = PBXFileReference; lastKnownFileType = sourcecode.swift; path = SearchViewController.swift; sourceTree = "<group>"; };
		EF9158801F8C26A20034CA22 /* LoginViewController.swift */ = {isa = PBXFileReference; lastKnownFileType = sourcecode.swift; path = LoginViewController.swift; sourceTree = "<group>"; };
		EF9158821F8C2A5E0034CA22 /* Podfile */ = {isa = PBXFileReference; lastKnownFileType = text; path = Podfile; sourceTree = "<group>"; xcLanguageSpecificationIdentifier = xcode.lang.ruby; };
		EF9158841F8C2EE20034CA22 /* GoogleService-Info.plist */ = {isa = PBXFileReference; lastKnownFileType = text.plist.xml; path = "GoogleService-Info.plist"; sourceTree = "<group>"; };
		EF9789461F8CE97C0001555D /* PlayVideoViewController.swift */ = {isa = PBXFileReference; lastKnownFileType = sourcecode.swift; path = PlayVideoViewController.swift; sourceTree = "<group>"; };
		EF97894A1F8CF5370001555D /* MediaPlayer.framework */ = {isa = PBXFileReference; lastKnownFileType = wrapper.framework; name = MediaPlayer.framework; path = System/Library/Frameworks/MediaPlayer.framework; sourceTree = SDKROOT; };
		EFC70E3E1F8C6085007A567F /* GenericViewController.swift */ = {isa = PBXFileReference; lastKnownFileType = sourcecode.swift; path = GenericViewController.swift; sourceTree = "<group>"; };
		EFC70E401F8C65EA007A567F /* VideosTabBarController.swift */ = {isa = PBXFileReference; lastKnownFileType = sourcecode.swift; path = VideosTabBarController.swift; sourceTree = "<group>"; };
		EFC70E421F8C7023007A567F /* GCDBlackBox.swift */ = {isa = PBXFileReference; lastKnownFileType = sourcecode.swift; path = GCDBlackBox.swift; sourceTree = "<group>"; };
/* End PBXFileReference section */

/* Begin PBXFrameworksBuildPhase section */
		EF9158511F8BF33B0034CA22 /* Frameworks */ = {
			isa = PBXFrameworksBuildPhase;
			buildActionMask = 2147483647;
			files = (
				EF97894B1F8CF5370001555D /* MediaPlayer.framework in Frameworks */,
				10A3CF6B25DA9ADD9A787F7A /* libPods-YouTubeDemoApp.a in Frameworks */,
			);
			runOnlyForDeploymentPostprocessing = 0;
		};
/* End PBXFrameworksBuildPhase section */

/* Begin PBXGroup section */
		74CF12EC6894F3E4F9F68D4F /* Pods */ = {
			isa = PBXGroup;
			children = (
				51A1FCD8BF96B0EC7FA1A05D /* Pods-YouTubeDemoApp.debug.xcconfig */,
				3D17DEE303C30F5F18EF5F1A /* Pods-YouTubeDemoApp.release.xcconfig */,
			);
			name = Pods;
			sourceTree = "<group>";
		};
		DD0B5C8BC88C92E74EE14FF1 /* Frameworks */ = {
			isa = PBXGroup;
			children = (
				EF97894A1F8CF5370001555D /* MediaPlayer.framework */,
				8240B83CB3EAC471AB5203E7 /* libPods-YouTubeDemoApp.a */,
			);
			name = Frameworks;
			sourceTree = "<group>";
		};
		EF91584B1F8BF33B0034CA22 = {
			isa = PBXGroup;
			children = (
				EF9158821F8C2A5E0034CA22 /* Podfile */,
				EF9158561F8BF33B0034CA22 /* YouTubeDemoApp */,
				EF9158551F8BF33B0034CA22 /* Products */,
				74CF12EC6894F3E4F9F68D4F /* Pods */,
				DD0B5C8BC88C92E74EE14FF1 /* Frameworks */,
			);
			sourceTree = "<group>";
		};
		EF9158551F8BF33B0034CA22 /* Products */ = {
			isa = PBXGroup;
			children = (
				EF9158541F8BF33B0034CA22 /* YouTubeDemoApp.app */,
			);
			name = Products;
			sourceTree = "<group>";
		};
		EF9158561F8BF33B0034CA22 /* YouTubeDemoApp */ = {
			isa = PBXGroup;
			children = (
				EF9158571F8BF33B0034CA22 /* AppDelegate.swift */,
				EFC70E421F8C7023007A567F /* GCDBlackBox.swift */,
				EF91586E1F8C002A0034CA22 /* Model */,
				EFC70E441F8C914F007A567F /* View */,
				EF9158791F8C20DB0034CA22 /* Controller */,
				EF91587A1F8C21060034CA22 /* Assets */,
				EF91587D1F8C219C0034CA22 /* Supporting Files */,
			);
			path = YouTubeDemoApp;
			sourceTree = "<group>";
		};
		EF91586E1F8C002A0034CA22 /* Model */ = {
			isa = PBXGroup;
			children = (
				EF91586F1F8C003C0034CA22 /* Client */,
			);
			name = Model;
			sourceTree = "<group>";
		};
		EF91586F1F8C003C0034CA22 /* Client */ = {
			isa = PBXGroup;
			children = (
				EF9158701F8C004E0034CA22 /* YouTube */,
			);
			name = Client;
			sourceTree = "<group>";
		};
		EF9158701F8C004E0034CA22 /* YouTube */ = {
			isa = PBXGroup;
			children = (
				EF9158711F8C00740034CA22 /* Client.swift */,
				EF9158731F8C00A50034CA22 /* Constants.swift */,
				EF9158751F8C00C90034CA22 /* Convenience.swift */,
				EF9158771F8C00F50034CA22 /* Video.swift */,
			);
			name = YouTube;
			sourceTree = "<group>";
		};
		EF9158791F8C20DB0034CA22 /* Controller */ = {
			isa = PBXGroup;
			children = (
				EF9158801F8C26A20034CA22 /* LoginViewController.swift */,
				EF9158691F8BFDB90034CA22 /* VideoCollectionViewCell.swift */,
				EF9158591F8BF33B0034CA22 /* VideoCollectionViewController.swift */,
				EF91587B1F8C21760034CA22 /* SearchViewController.swift */,
				EFC70E3E1F8C6085007A567F /* GenericViewController.swift */,
				EFC70E401F8C65EA007A567F /* VideosTabBarController.swift */,
				EF9789461F8CE97C0001555D /* PlayVideoViewController.swift */,
			);
			name = Controller;
			sourceTree = "<group>";
		};
		EF91587A1F8C21060034CA22 /* Assets */ = {
			isa = PBXGroup;
			children = (
				EF91585B1F8BF33B0034CA22 /* Main.storyboard */,
				EF91585E1F8BF33B0034CA22 /* Assets.xcassets */,
				EF9158601F8BF33B0034CA22 /* LaunchScreen.storyboard */,
			);
			name = Assets;
			sourceTree = "<group>";
		};
		EF91587D1F8C219C0034CA22 /* Supporting Files */ = {
			isa = PBXGroup;
			children = (
				EF9158841F8C2EE20034CA22 /* GoogleService-Info.plist */,
				EF9158631F8BF33B0034CA22 /* Info.plist */,
			);
			name = "Supporting Files";
			sourceTree = "<group>";
		};
		EFC70E441F8C914F007A567F /* View */ = {
			isa = PBXGroup;
			children = (
			);
			name = View;
			sourceTree = "<group>";
		};
/* End PBXGroup section */

/* Begin PBXNativeTarget section */
		EF9158531F8BF33B0034CA22 /* YouTubeDemoApp */ = {
			isa = PBXNativeTarget;
			buildConfigurationList = EF9158661F8BF33B0034CA22 /* Build configuration list for PBXNativeTarget "YouTubeDemoApp" */;
			buildPhases = (
				D22F9993DEB8F820CDBCD320 /* [CP] Check Pods Manifest.lock */,
				EF9158501F8BF33B0034CA22 /* Sources */,
				EF9158511F8BF33B0034CA22 /* Frameworks */,
				EF9158521F8BF33B0034CA22 /* Resources */,
				1FA1178211E5FAA2244CA79E /* [CP] Embed Pods Frameworks */,
				72740DA9DF4E01F2C407CB78 /* [CP] Copy Pods Resources */,
			);
			buildRules = (
			);
			dependencies = (
			);
			name = YouTubeDemoApp;
			productName = YouTubeDemoApp;
			productReference = EF9158541F8BF33B0034CA22 /* YouTubeDemoApp.app */;
			productType = "com.apple.product-type.application";
		};
/* End PBXNativeTarget section */

/* Begin PBXProject section */
		EF91584C1F8BF33B0034CA22 /* Project object */ = {
			isa = PBXProject;
			attributes = {
				LastSwiftUpdateCheck = 0900;
				LastUpgradeCheck = 0900;
				ORGANIZATIONNAME = "Jimit Shah";
				TargetAttributes = {
					EF9158531F8BF33B0034CA22 = {
						CreatedOnToolsVersion = 9.0;
						ProvisioningStyle = Automatic;
					};
				};
			};
			buildConfigurationList = EF91584F1F8BF33B0034CA22 /* Build configuration list for PBXProject "YouTubeDemoApp" */;
			compatibilityVersion = "Xcode 8.0";
			developmentRegion = en;
			hasScannedForEncodings = 0;
			knownRegions = (
				en,
				Base,
			);
			mainGroup = EF91584B1F8BF33B0034CA22;
			productRefGroup = EF9158551F8BF33B0034CA22 /* Products */;
			projectDirPath = "";
			projectRoot = "";
			targets = (
				EF9158531F8BF33B0034CA22 /* YouTubeDemoApp */,
			);
		};
/* End PBXProject section */

/* Begin PBXResourcesBuildPhase section */
		EF9158521F8BF33B0034CA22 /* Resources */ = {
			isa = PBXResourcesBuildPhase;
			buildActionMask = 2147483647;
			files = (
				EF9158621F8BF33B0034CA22 /* LaunchScreen.storyboard in Resources */,
				EF91585F1F8BF33B0034CA22 /* Assets.xcassets in Resources */,
				EF9158831F8C2A5E0034CA22 /* Podfile in Resources */,
				EF91585D1F8BF33B0034CA22 /* Main.storyboard in Resources */,
			);
			runOnlyForDeploymentPostprocessing = 0;
		};
/* End PBXResourcesBuildPhase section */

/* Begin PBXShellScriptBuildPhase section */
		1FA1178211E5FAA2244CA79E /* [CP] Embed Pods Frameworks */ = {
			isa = PBXShellScriptBuildPhase;
			buildActionMask = 2147483647;
			files = (
			);
			inputPaths = (
			);
			name = "[CP] Embed Pods Frameworks";
			outputPaths = (
			);
			runOnlyForDeploymentPostprocessing = 0;
			shellPath = /bin/sh;
			shellScript = "\"${SRCROOT}/Pods/Target Support Files/Pods-YouTubeDemoApp/Pods-YouTubeDemoApp-frameworks.sh\"\n";
			showEnvVarsInLog = 0;
		};
		72740DA9DF4E01F2C407CB78 /* [CP] Copy Pods Resources */ = {
			isa = PBXShellScriptBuildPhase;
			buildActionMask = 2147483647;
			files = (
			);
			inputPaths = (
				"${SRCROOT}/Pods/Target Support Files/Pods-YouTubeDemoApp/Pods-YouTubeDemoApp-resources.sh",
				"${PODS_ROOT}/GTMOAuth2/Source/Touch/GTMOAuth2ViewTouch.xib",
				"${PODS_ROOT}/GoogleSignIn/Resources/GoogleSignIn.bundle",
			);
			name = "[CP] Copy Pods Resources";
			outputPaths = (
				"${TARGET_BUILD_DIR}/${UNLOCALIZED_RESOURCES_FOLDER_PATH}",
			);
			runOnlyForDeploymentPostprocessing = 0;
			shellPath = /bin/sh;
			shellScript = "\"${SRCROOT}/Pods/Target Support Files/Pods-YouTubeDemoApp/Pods-YouTubeDemoApp-resources.sh\"\n";
			showEnvVarsInLog = 0;
		};
		D22F9993DEB8F820CDBCD320 /* [CP] Check Pods Manifest.lock */ = {
			isa = PBXShellScriptBuildPhase;
			buildActionMask = 2147483647;
			files = (
			);
			inputPaths = (
				"${PODS_PODFILE_DIR_PATH}/Podfile.lock",
				"${PODS_ROOT}/Manifest.lock",
			);
			name = "[CP] Check Pods Manifest.lock";
			outputPaths = (
				"$(DERIVED_FILE_DIR)/Pods-YouTubeDemoApp-checkManifestLockResult.txt",
			);
			runOnlyForDeploymentPostprocessing = 0;
			shellPath = /bin/sh;
			shellScript = "diff \"${PODS_PODFILE_DIR_PATH}/Podfile.lock\" \"${PODS_ROOT}/Manifest.lock\" > /dev/null\nif [ $? != 0 ] ; then\n    # print error to STDERR\n    echo \"error: The sandbox is not in sync with the Podfile.lock. Run 'pod install' or update your CocoaPods installation.\" >&2\n    exit 1\nfi\n# This output is used by Xcode 'outputs' to avoid re-running this script phase.\necho \"SUCCESS\" > \"${SCRIPT_OUTPUT_FILE_0}\"\n";
			showEnvVarsInLog = 0;
		};
/* End PBXShellScriptBuildPhase section */

/* Begin PBXSourcesBuildPhase section */
		EF9158501F8BF33B0034CA22 /* Sources */ = {
			isa = PBXSourcesBuildPhase;
			buildActionMask = 2147483647;
			files = (
				EF9158811F8C26A20034CA22 /* LoginViewController.swift in Sources */,
				EF9158741F8C00A50034CA22 /* Constants.swift in Sources */,
				EFC70E3F1F8C6085007A567F /* GenericViewController.swift in Sources */,
				EF9158761F8C00C90034CA22 /* Convenience.swift in Sources */,
				EFC70E431F8C7023007A567F /* GCDBlackBox.swift in Sources */,
				EF91587C1F8C21760034CA22 /* SearchViewController.swift in Sources */,
				EF91586A1F8BFDB90034CA22 /* VideoCollectionViewCell.swift in Sources */,
				EF91585A1F8BF33B0034CA22 /* VideoCollectionViewController.swift in Sources */,
				EF9158721F8C00740034CA22 /* Client.swift in Sources */,
				EFC70E411F8C65EA007A567F /* VideosTabBarController.swift in Sources */,
				EF9158781F8C00F50034CA22 /* Video.swift in Sources */,
				EF9789471F8CE97C0001555D /* PlayVideoViewController.swift in Sources */,
				EF9158581F8BF33B0034CA22 /* AppDelegate.swift in Sources */,
			);
			runOnlyForDeploymentPostprocessing = 0;
		};
/* End PBXSourcesBuildPhase section */

/* Begin PBXVariantGroup section */
		EF91585B1F8BF33B0034CA22 /* Main.storyboard */ = {
			isa = PBXVariantGroup;
			children = (
				EF91585C1F8BF33B0034CA22 /* Base */,
			);
			name = Main.storyboard;
			sourceTree = "<group>";
		};
		EF9158601F8BF33B0034CA22 /* LaunchScreen.storyboard */ = {
			isa = PBXVariantGroup;
			children = (
				EF9158611F8BF33B0034CA22 /* Base */,
			);
			name = LaunchScreen.storyboard;
			sourceTree = "<group>";
		};
/* End PBXVariantGroup section */

/* Begin XCBuildConfiguration section */
		EF9158641F8BF33B0034CA22 /* Debug */ = {
			isa = XCBuildConfiguration;
			buildSettings = {
				ALWAYS_SEARCH_USER_PATHS = NO;
				CLANG_ANALYZER_NONNULL = YES;
				CLANG_ANALYZER_NUMBER_OBJECT_CONVERSION = YES_AGGRESSIVE;
				CLANG_CXX_LANGUAGE_STANDARD = "gnu++14";
				CLANG_CXX_LIBRARY = "libc++";
				CLANG_ENABLE_MODULES = YES;
				CLANG_ENABLE_OBJC_ARC = YES;
				CLANG_WARN_BLOCK_CAPTURE_AUTORELEASING = YES;
				CLANG_WARN_BOOL_CONVERSION = YES;
				CLANG_WARN_COMMA = YES;
				CLANG_WARN_CONSTANT_CONVERSION = YES;
				CLANG_WARN_DIRECT_OBJC_ISA_USAGE = YES_ERROR;
				CLANG_WARN_DOCUMENTATION_COMMENTS = YES;
				CLANG_WARN_EMPTY_BODY = YES;
				CLANG_WARN_ENUM_CONVERSION = YES;
				CLANG_WARN_INFINITE_RECURSION = YES;
				CLANG_WARN_INT_CONVERSION = YES;
				CLANG_WARN_NON_LITERAL_NULL_CONVERSION = YES;
				CLANG_WARN_OBJC_LITERAL_CONVERSION = YES;
				CLANG_WARN_OBJC_ROOT_CLASS = YES_ERROR;
				CLANG_WARN_RANGE_LOOP_ANALYSIS = YES;
				CLANG_WARN_STRICT_PROTOTYPES = YES;
				CLANG_WARN_SUSPICIOUS_MOVE = YES;
				CLANG_WARN_UNGUARDED_AVAILABILITY = YES_AGGRESSIVE;
				CLANG_WARN_UNREACHABLE_CODE = YES;
				CLANG_WARN__DUPLICATE_METHOD_MATCH = YES;
				CODE_SIGN_IDENTITY = "iPhone Developer";
				COPY_PHASE_STRIP = NO;
				DEBUG_INFORMATION_FORMAT = dwarf;
				ENABLE_STRICT_OBJC_MSGSEND = YES;
				ENABLE_TESTABILITY = YES;
				GCC_C_LANGUAGE_STANDARD = gnu11;
				GCC_DYNAMIC_NO_PIC = NO;
				GCC_NO_COMMON_BLOCKS = YES;
				GCC_OPTIMIZATION_LEVEL = 0;
				GCC_PREPROCESSOR_DEFINITIONS = (
					"DEBUG=1",
					"$(inherited)",
				);
				GCC_WARN_64_TO_32_BIT_CONVERSION = YES;
				GCC_WARN_ABOUT_RETURN_TYPE = YES_ERROR;
				GCC_WARN_UNDECLARED_SELECTOR = YES;
				GCC_WARN_UNINITIALIZED_AUTOS = YES_AGGRESSIVE;
				GCC_WARN_UNUSED_FUNCTION = YES;
				GCC_WARN_UNUSED_VARIABLE = YES;
				IPHONEOS_DEPLOYMENT_TARGET = 11.0;
				MTL_ENABLE_DEBUG_INFO = YES;
				ONLY_ACTIVE_ARCH = YES;
				SDKROOT = iphoneos;
				SWIFT_ACTIVE_COMPILATION_CONDITIONS = DEBUG;
				SWIFT_OPTIMIZATION_LEVEL = "-Onone";
			};
			name = Debug;
		};
		EF9158651F8BF33B0034CA22 /* Release */ = {
			isa = XCBuildConfiguration;
			buildSettings = {
				ALWAYS_SEARCH_USER_PATHS = NO;
				CLANG_ANALYZER_NONNULL = YES;
				CLANG_ANALYZER_NUMBER_OBJECT_CONVERSION = YES_AGGRESSIVE;
				CLANG_CXX_LANGUAGE_STANDARD = "gnu++14";
				CLANG_CXX_LIBRARY = "libc++";
				CLANG_ENABLE_MODULES = YES;
				CLANG_ENABLE_OBJC_ARC = YES;
				CLANG_WARN_BLOCK_CAPTURE_AUTORELEASING = YES;
				CLANG_WARN_BOOL_CONVERSION = YES;
				CLANG_WARN_COMMA = YES;
				CLANG_WARN_CONSTANT_CONVERSION = YES;
				CLANG_WARN_DIRECT_OBJC_ISA_USAGE = YES_ERROR;
				CLANG_WARN_DOCUMENTATION_COMMENTS = YES;
				CLANG_WARN_EMPTY_BODY = YES;
				CLANG_WARN_ENUM_CONVERSION = YES;
				CLANG_WARN_INFINITE_RECURSION = YES;
				CLANG_WARN_INT_CONVERSION = YES;
				CLANG_WARN_NON_LITERAL_NULL_CONVERSION = YES;
				CLANG_WARN_OBJC_LITERAL_CONVERSION = YES;
				CLANG_WARN_OBJC_ROOT_CLASS = YES_ERROR;
				CLANG_WARN_RANGE_LOOP_ANALYSIS = YES;
				CLANG_WARN_STRICT_PROTOTYPES = YES;
				CLANG_WARN_SUSPICIOUS_MOVE = YES;
				CLANG_WARN_UNGUARDED_AVAILABILITY = YES_AGGRESSIVE;
				CLANG_WARN_UNREACHABLE_CODE = YES;
				CLANG_WARN__DUPLICATE_METHOD_MATCH = YES;
				CODE_SIGN_IDENTITY = "iPhone Developer";
				COPY_PHASE_STRIP = NO;
				DEBUG_INFORMATION_FORMAT = "dwarf-with-dsym";
				ENABLE_NS_ASSERTIONS = NO;
				ENABLE_STRICT_OBJC_MSGSEND = YES;
				GCC_C_LANGUAGE_STANDARD = gnu11;
				GCC_NO_COMMON_BLOCKS = YES;
				GCC_WARN_64_TO_32_BIT_CONVERSION = YES;
				GCC_WARN_ABOUT_RETURN_TYPE = YES_ERROR;
				GCC_WARN_UNDECLARED_SELECTOR = YES;
				GCC_WARN_UNINITIALIZED_AUTOS = YES_AGGRESSIVE;
				GCC_WARN_UNUSED_FUNCTION = YES;
				GCC_WARN_UNUSED_VARIABLE = YES;
				IPHONEOS_DEPLOYMENT_TARGET = 11.0;
				MTL_ENABLE_DEBUG_INFO = NO;
				SDKROOT = iphoneos;
				SWIFT_OPTIMIZATION_LEVEL = "-Owholemodule";
				VALIDATE_PRODUCT = YES;
			};
			name = Release;
		};
		EF9158671F8BF33B0034CA22 /* Debug */ = {
			isa = XCBuildConfiguration;
			baseConfigurationReference = 51A1FCD8BF96B0EC7FA1A05D /* Pods-YouTubeDemoApp.debug.xcconfig */;
			buildSettings = {
				ASSETCATALOG_COMPILER_APPICON_NAME = AppIcon;
				CODE_SIGN_STYLE = Automatic;
				DEVELOPMENT_TEAM = R98NQ2F62J;
				INFOPLIST_FILE = YouTubeDemoApp/Info.plist;
				LD_RUNPATH_SEARCH_PATHS = "$(inherited) @executable_path/Frameworks";
				PRODUCT_BUNDLE_IDENTIFIER = com.jimitshah.YouTubeDemoApp;
				PRODUCT_NAME = "$(TARGET_NAME)";
				SWIFT_VERSION = 4.0;
				TARGETED_DEVICE_FAMILY = "1,2";
			};
			name = Debug;
		};
		EF9158681F8BF33B0034CA22 /* Release */ = {
			isa = XCBuildConfiguration;
			baseConfigurationReference = 3D17DEE303C30F5F18EF5F1A /* Pods-YouTubeDemoApp.release.xcconfig */;
			buildSettings = {
				ASSETCATALOG_COMPILER_APPICON_NAME = AppIcon;
				CODE_SIGN_STYLE = Automatic;
				DEVELOPMENT_TEAM = R98NQ2F62J;
				INFOPLIST_FILE = YouTubeDemoApp/Info.plist;
				LD_RUNPATH_SEARCH_PATHS = "$(inherited) @executable_path/Frameworks";
				PRODUCT_BUNDLE_IDENTIFIER = com.jimitshah.YouTubeDemoApp;
				PRODUCT_NAME = "$(TARGET_NAME)";
				SWIFT_VERSION = 4.0;
				TARGETED_DEVICE_FAMILY = "1,2";
			};
			name = Release;
		};
/* End XCBuildConfiguration section */

/* Begin XCConfigurationList section */
		EF91584F1F8BF33B0034CA22 /* Build configuration list for PBXProject "YouTubeDemoApp" */ = {
			isa = XCConfigurationList;
			buildConfigurations = (
				EF9158641F8BF33B0034CA22 /* Debug */,
				EF9158651F8BF33B0034CA22 /* Release */,
			);
			defaultConfigurationIsVisible = 0;
			defaultConfigurationName = Release;
		};
		EF9158661F8BF33B0034CA22 /* Build configuration list for PBXNativeTarget "YouTubeDemoApp" */ = {
			isa = XCConfigurationList;
			buildConfigurations = (
				EF9158671F8BF33B0034CA22 /* Debug */,
				EF9158681F8BF33B0034CA22 /* Release */,
			);
			defaultConfigurationIsVisible = 0;
			defaultConfigurationName = Release;
		};
/* End XCConfigurationList section */
	};
	rootObject = EF91584C1F8BF33B0034CA22 /* Project object */;
}
